// !$*UTF8*$!
{
	/* generated with cargo-xcode 1.11.0 */
	archiveVersion = 1;
	classes = {
	};
	objectVersion = 53;
	objects = {

/* Begin PBXBuildFile section */
		CA004C608C71814D87236806 /* Cargo.toml in Sources */ = {isa = PBXBuildFile; fileRef = CAF97F6EDCC93EF4668187A5 /* Cargo.toml */; settings = {COMPILER_FLAGS = "--lib"; }; };
/* End PBXBuildFile section */

/* Begin PBXBuildRule section */
		CAF47F6EDCC9AC6C1400ACA8 /* PBXBuildRule */ = {
			isa = PBXBuildRule;
			compilerSpec = com.apple.compilers.proxy.script;
			dependencyFile = "$(DERIVED_FILE_DIR)/$(ARCHS)-$(EXECUTABLE_NAME).d";
			filePatterns = "*/Cargo.toml";
			fileType = pattern.proxy;
			inputFiles = (
			);
			isEditable = 0;
			name = "Cargo project build";
			outputFiles = (
				"$(TARGET_BUILD_DIR)/$(EXECUTABLE_NAME)",
			);
			runOncePerArchitecture = 0;
			script = "# generated with cargo-xcode 1.11.0\nset -euxo pipefail;\nexport PATH=\"$HOME/.cargo/bin:$PATH:/usr/local/bin:/opt/homebrew/bin\";\n# don't use ios/watchos linker for build scripts and proc macros\nexport CARGO_TARGET_AARCH64_APPLE_DARWIN_LINKER=/usr/bin/ld\nexport CARGO_TARGET_X86_64_APPLE_DARWIN_LINKER=/usr/bin/ld\nexport NO_COLOR=1\n\ncase \"$PLATFORM_NAME\" in\n \"macosx\")\n  CARGO_XCODE_TARGET_OS=darwin\n  if [ \"${IS_MACCATALYST-NO}\" = YES ]; then\n   CARGO_XCODE_TARGET_OS=ios-macabi\n  fi\n  ;;\n \"iphoneos\") CARGO_XCODE_TARGET_OS=ios ;;\n \"iphonesimulator\") CARGO_XCODE_TARGET_OS=ios-sim ;;\n \"appletvos\" | \"appletvsimulator\") CARGO_XCODE_TARGET_OS=tvos ;;\n \"watchos\") CARGO_XCODE_TARGET_OS=watchos ;;\n \"watchsimulator\") CARGO_XCODE_TARGET_OS=watchos-sim ;;\n \"xros\") CARGO_XCODE_TARGET_OS=visionos ;;\n \"xrsimulator\") CARGO_XCODE_TARGET_OS=visionos-sim ;;\n *)\n  CARGO_XCODE_TARGET_OS=\"$PLATFORM_NAME\"\n  echo >&2 \"warning: cargo-xcode needs to be updated to handle $PLATFORM_NAME\"\n  ;;\nesac\n\nCARGO_XCODE_TARGET_TRIPLES=\"\"\nCARGO_XCODE_TARGET_FLAGS=\"\"\nLIPO_ARGS=\"\"\nfor arch in $ARCHS; do\n if [[ \"$arch\" == \"arm64\" ]]; then arch=aarch64; fi\n if [[ \"$arch\" == \"i386\" && \"$CARGO_XCODE_TARGET_OS\" != \"ios\" ]]; then arch=i686; fi\n triple=\"${arch}-apple-$CARGO_XCODE_TARGET_OS\"\n CARGO_XCODE_TARGET_TRIPLES+=\" $triple\"\n CARGO_XCODE_TARGET_FLAGS+=\" --target=$triple\"\n LIPO_ARGS+=\"$CARGO_TARGET_DIR/$triple/$CARGO_XCODE_BUILD_PROFILE/$CARGO_XCODE_CARGO_FILE_NAME\n\"\ndone\n\necho >&2 \"Cargo $CARGO_XCODE_BUILD_PROFILE $ACTION for $PLATFORM_NAME $ARCHS =$CARGO_XCODE_TARGET_TRIPLES; using ${SDK_NAMES:-}. \\$PATH is:\"\ntr >&2 : '\\n' <<<\"$PATH\"\n\nif command -v rustup &> /dev/null; then\n for triple in $CARGO_XCODE_TARGET_TRIPLES; do\n  if ! rustup target list --installed | grep -Eq \"^$triple$\"; then\n   echo >&2 \"warning: this build requires rustup toolchain for $triple, but it isn't installed (will try rustup next)\"\n   rustup target add \"$triple\" || {\n    echo >&2 \"warning: can't install $triple, will try nightly -Zbuild-std\";\n    OTHER_INPUT_FILE_FLAGS+=\" -Zbuild-std\";\n    if [ -z \"${RUSTUP_TOOLCHAIN:-}\" ]; then\n     export RUSTUP_TOOLCHAIN=nightly\n    fi\n    break;\n   }\n  fi\n done\nfi\n\nif [ \"$CARGO_XCODE_BUILD_PROFILE\" = release ]; then\n OTHER_INPUT_FILE_FLAGS=\"$OTHER_INPUT_FILE_FLAGS --release\"\nfi\n\nif [ \"$ACTION\" = clean ]; then\n cargo clean --verbose --manifest-path=\"$SCRIPT_INPUT_FILE\" $CARGO_XCODE_TARGET_FLAGS $OTHER_INPUT_FILE_FLAGS;\n rm -f \"$SCRIPT_OUTPUT_FILE_0\"\n exit 0\nfi\n\n{ cargo build --manifest-path=\"$SCRIPT_INPUT_FILE\" --features=\"${CARGO_XCODE_FEATURES:-}\" $CARGO_XCODE_TARGET_FLAGS $OTHER_INPUT_FILE_FLAGS --verbose --message-format=short 2>&1 | sed -E 's/^([^ :]+:[0-9]+:[0-9]+: error)/\\1: /' >&2; } || { echo >&2 \"$SCRIPT_INPUT_FILE: error: cargo-xcode project build failed; $CARGO_XCODE_TARGET_TRIPLES\"; exit 1; }\n\n/usr/bin/tr '\\n' '\\0' <<<\"$LIPO_ARGS\" | /usr/bin/xargs -0 lipo -create -output \"$SCRIPT_OUTPUT_FILE_0\"\n\nif [ ${LD_DYLIB_INSTALL_NAME:+1} ]; then\n install_name_tool -id \"$LD_DYLIB_INSTALL_NAME\" \"$SCRIPT_OUTPUT_FILE_0\"\nfi\n\nDEP_FILE_DST=\"$DERIVED_FILE_DIR/${ARCHS}-${EXECUTABLE_NAME}.d\"\necho \"\" > \"$DEP_FILE_DST\"\nfor triple in $CARGO_XCODE_TARGET_TRIPLES; do\n BUILT_SRC=\"$CARGO_TARGET_DIR/$triple/$CARGO_XCODE_BUILD_PROFILE/$CARGO_XCODE_CARGO_FILE_NAME\"\n\n # cargo generates a dep file, but for its own path, so append our rename to it\n DEP_FILE_SRC=\"$CARGO_TARGET_DIR/$triple/$CARGO_XCODE_BUILD_PROFILE/$CARGO_XCODE_CARGO_DEP_FILE_NAME\"\n if [ -f \"$DEP_FILE_SRC\" ]; then\n  cat \"$DEP_FILE_SRC\" >> \"$DEP_FILE_DST\"\n fi\n echo >> \"$DEP_FILE_DST\" \"${SCRIPT_OUTPUT_FILE_0/ /\\\\ /}: ${BUILT_SRC/ /\\\\ /}\"\ndone\ncat \"$DEP_FILE_DST\"\n\necho \"success: $ACTION of $SCRIPT_OUTPUT_FILE_0 for $CARGO_XCODE_TARGET_TRIPLES\"\n";
		};
/* End PBXBuildRule section */

/* Begin PBXFileReference section */
		CA0082136D7663966679D83A /* app_rs.dylib */ = {isa = PBXFileReference; explicitFileType = "compiled.mach-o.dylib"; includeInIndex = 0; path = app_rs.dylib; sourceTree = BUILT_PRODUCTS_DIR; };
		CAF97F6EDCC93EF4668187A5 /* Cargo.toml */ = {isa = PBXFileReference; fileEncoding = 4; lastKnownFileType = text; name = Cargo.toml; path = Cargo.toml; sourceTree = "<group>"; };
/* End PBXFileReference section */

/* Begin PBXGroup section */
		CAF07F6EDCC9D65BC3C892A8 = {
			isa = PBXGroup;
			children = (
				CAF97F6EDCC93EF4668187A5 /* Cargo.toml */,
				CAF17F6EDCC922869D176AE5 /* Products */,
				CAF27F6EDCC998AF0B5890DB /* Frameworks */,
			);
			sourceTree = "<group>";
		};
		CAF17F6EDCC922869D176AE5 /* Products */ = {
			isa = PBXGroup;
			children = (
				CA0082136D7663966679D83A /* app_rs.dylib */,
			);
			name = Products;
			sourceTree = "<group>";
		};
		CAF27F6EDCC998AF0B5890DB /* Frameworks */ = {
			isa = PBXGroup;
			children = (
			);
			name = Frameworks;
			sourceTree = "<group>";
		};
/* End PBXGroup section */

/* Begin PBXNativeTarget section */
		CA0082136D76814D87236806 /* app_rs.dylib (cdylib) */ = {
			isa = PBXNativeTarget;
			buildConfigurationList = CA004EB2E3D3814D87236806 /* Build configuration list for PBXNativeTarget "app_rs.dylib (cdylib)" */;
			buildPhases = (
				CA006FF5DFAE814D87236806 /* Sources */,
			);
			buildRules = (
				CAF47F6EDCC9AC6C1400ACA8 /* PBXBuildRule */,
			);
			dependencies = (
			);
			name = "app_rs.dylib (cdylib)";
			productName = app_rs.dylib;
			productReference = CA0082136D7663966679D83A /* app_rs.dylib */;
			productType = "com.apple.product-type.library.dynamic";
		};
/* End PBXNativeTarget section */

/* Begin PBXProject section */
		CAF37F6EDCC9E04653AD465F /* Project object */ = {
			isa = PBXProject;
			attributes = {
				BuildIndependentTargetsInParallel = YES;
				LastUpgradeCheck = 1510;
				TargetAttributes = {
					CA0082136D76814D87236806 = {
						CreatedOnToolsVersion = 9.2;
						ProvisioningStyle = Automatic;
					};
				};
			};
			buildConfigurationList = CAF67F6EDCC980E02D6C7F57 /* Build configuration list for PBXProject "app-rs" */;
			compatibilityVersion = "Xcode 11.4";
			developmentRegion = en;
			hasScannedForEncodings = 0;
			knownRegions = (
				en,
				Base,
			);
			mainGroup = CAF07F6EDCC9D65BC3C892A8;
			productRefGroup = CAF17F6EDCC922869D176AE5 /* Products */;
			projectDirPath = "";
			projectRoot = "";
			targets = (
				CA0082136D76814D87236806 /* app_rs.dylib (cdylib) */,
			);
		};
/* End PBXProject section */

/* Begin PBXSourcesBuildPhase section */
		CA006FF5DFAE814D87236806 /* Sources */ = {
			isa = PBXSourcesBuildPhase;
			buildActionMask = 2147483647;
			files = (
				CA004C608C71814D87236806 /* Cargo.toml in Sources */,
			);
			runOnlyForDeploymentPostprocessing = 0;
		};
/* End PBXSourcesBuildPhase section */

/* Begin XCBuildConfiguration section */
		CA00E6974DB3814D87236806 /* Release */ = {
			isa = XCBuildConfiguration;
			buildSettings = {
				CARGO_XCODE_CARGO_DEP_FILE_NAME = libapp_rs.d;
				CARGO_XCODE_CARGO_FILE_NAME = libapp_rs.dylib;
				DYLIB_COMPATIBILITY_VERSION = 0;
				PRODUCT_NAME = app_rs;
				SUPPORTED_PLATFORMS = "macosx iphonesimulator iphoneos";
			};
			name = Release;
		};
		CA00E307D130814D87236806 /* Debug */ = {
			isa = XCBuildConfiguration;
			buildSettings = {
				CARGO_XCODE_CARGO_DEP_FILE_NAME = libapp_rs.d;
				CARGO_XCODE_CARGO_FILE_NAME = libapp_rs.dylib;
				DYLIB_COMPATIBILITY_VERSION = 0;
				PRODUCT_NAME = app_rs;
				SUPPORTED_PLATFORMS = "macosx iphonesimulator iphoneos";
			};
			name = Debug;
		};
		CAF7E934CF363CC16B37690B /* Release */ = {
			isa = XCBuildConfiguration;
			buildSettings = {
				"ADDITIONAL_SDKS[sdk=i*]" = macosx;
				ALWAYS_SEARCH_USER_PATHS = NO;
				CARGO_TARGET_DIR = "$(PROJECT_TEMP_DIR)/cargo_target";
				CARGO_XCODE_BUILD_PROFILE = release;
				CARGO_XCODE_FEATURES = "";
				CURRENT_PROJECT_VERSION = 0.1;
				ENABLE_USER_SCRIPT_SANDBOXING = NO;
				MARKETING_VERSION = 0.1.0;
				PRODUCT_NAME = "app-rs";
				RUSTUP_TOOLCHAIN = "";
				SDKROOT = macosx;
				SUPPORTS_MACCATALYST = YES;
			};
			name = Release;
		};
		CAF8E934CF36228BE02872F8 /* Debug */ = {
			isa = XCBuildConfiguration;
			buildSettings = {
				"ADDITIONAL_SDKS[sdk=i*]" = macosx;
				ALWAYS_SEARCH_USER_PATHS = NO;
				CARGO_TARGET_DIR = "$(PROJECT_TEMP_DIR)/cargo_target";
				CARGO_XCODE_BUILD_PROFILE = debug;
				CARGO_XCODE_FEATURES = "";
				CURRENT_PROJECT_VERSION = 0.1;
				ENABLE_USER_SCRIPT_SANDBOXING = NO;
				MARKETING_VERSION = 0.1.0;
				ONLY_ACTIVE_ARCH = YES;
				PRODUCT_NAME = "app-rs";
				RUSTUP_TOOLCHAIN = "";
				SDKROOT = macosx;
				SUPPORTS_MACCATALYST = YES;
			};
			name = Debug;
		};
/* End XCBuildConfiguration section */

/* Begin XCConfigurationList section */
		CA004EB2E3D3814D87236806 /* Build configuration list for PBXNativeTarget "app_rs.dylib (cdylib)" */ = {
			isa = XCConfigurationList;
			buildConfigurations = (
				CA00E6974DB3814D87236806 /* Release */,
				CA00E307D130814D87236806 /* Debug */,
			);
			defaultConfigurationIsVisible = 0;
			defaultConfigurationName = Release;
		};
		CAF67F6EDCC980E02D6C7F57 /* Build configuration list for PBXProject "app-rs" */ = {
			isa = XCConfigurationList;
			buildConfigurations = (
				CAF7E934CF363CC16B37690B /* Release */,
				CAF8E934CF36228BE02872F8 /* Debug */,
			);
			defaultConfigurationIsVisible = 0;
			defaultConfigurationName = Release;
		};
/* End XCConfigurationList section */
	};
	rootObject = CAF37F6EDCC9E04653AD465F /* Project object */;
}
