{
  "nodes": {
    "crane": {
      "locked": {
        "lastModified": 1724974107,
        "narHash": "sha256-69+1W0Ao5K9su569YUfUPANeN/Ea7aKu7xIZP1MSl9o=",
        "owner": "ipetkov",
        "repo": "crane",
        "rev": "63396562b8e08efda3b3c66e32661b8a513055de",
        "type": "github"
      },
      "original": {
        "owner": "ipetkov",
        "repo": "crane",
        "type": "github"
      }
    },
    "nixpkgs": {
      "locked": {
        "lastModified": 1724819573,
        "narHash": "sha256-GnR7/ibgIH1vhoy8cYdmXE6iyZqKqFxQSVkFgosBh6w=",
        "owner": "nixos",
        "repo": "nixpkgs",
        "rev": "71e91c409d1e654808b2621f28a327acfdad8dc2",
        "type": "github"
      },
      "original": {
        "owner": "nixos",
        "ref": "nixos-unstable",
        "repo": "nixpkgs",
        "type": "github"
      }
    },
    "root": {
      "inputs": {
        "crane": "crane",
        "nixpkgs": "nixpkgs",
        "rust-overlay": "rust-overlay"
      }
    },
    "rust-overlay": {
      "inputs": {
        "nixpkgs": [
          "nixpkgs"
        ]
      },
      "locked": {
        "lastModified": 1724898214,
        "narHash": "sha256-4yMO9+Lsr3zqTf4clAGGag/bfNTmc/ITOXbJQcOEok4=",
        "owner": "oxalica",
        "repo": "rust-overlay",
        "rev": "0bc2c784e3a6ce30a2ab1b9f47325ccbed13039f",
        "type": "github"
      },
      "original": {
        "owner": "oxalica",
        "repo": "rust-overlay",
        "type": "github"
      }
    }
  },
  "root": "root",
  "version": 7
}
