{
  "nodes": {
    "crane": {
      "locked": {
        "lastModified": 1750266157,
        "narHash": "sha256-tL42YoNg9y30u7zAqtoGDNdTyXTi8EALDeCB13FtbQA=",
        "owner": "ipetkov",
        "repo": "crane",
        "rev": "e37c943371b73ed87faf33f7583860f81f1d5a48",
        "type": "github"
      },
      "original": {
        "owner": "ipetkov",
        "repo": "crane",
        "type": "github"
      }
    },
    "fenix": {
      "inputs": {
        "nixpkgs": [
          "nixpkgs"
        ],
        "rust-analyzer-src": []
      },
      "locked": {
        "lastModified": 1760596988,
        "narHash": "sha256-+h9FVfiNnsWKpk2HiaecPocq4gWD9GNn5/eVS3I9Z+8=",
        "owner": "nix-community",
        "repo": "fenix",
        "rev": "8e99c7d8e07635dea2e1001485f9de41bb1587f2",
        "type": "github"
      },
      "original": {
        "owner": "nix-community",
        "repo": "fenix",
        "type": "github"
      }
    },
    "nixpkgs": {
      "locked": {
        "lastModified": 1783622018,
        "narHash": "sha256-T/m2ilmeLjtUCvT33T8+P0HNGA6Vg+L3CVP8RZgKJME=",
        "owner": "lexe-app",
        "repo": "nixpkgs",
        "rev": "30b0ae7066bc61d6f271bbdc119933b005769f6b",
        "type": "github"
      },
      "original": {
        "owner": "lexe-app",
        "ref": "lexe-nixos-26.05-2026_07_09",
        "repo": "nixpkgs",
        "type": "github"
      }
    },
    "root": {
      "inputs": {
        "crane": "crane",
        "fenix": "fenix",
        "nixpkgs": "nixpkgs"
      }
    }
  },
  "root": "root",
  "version": 7
}
